
Microsoft Visual Studio Solution File, Format Version 12.00
# Visual Studio Version 17
VisualStudioVersion = 17.12.35506.116
MinimumVisualStudioVersion = 10.0.40219.1
Project("{FAE04EC0-301F-11D3-BF4B-00C04F79EFBC}") = "NativeSharpZlib", "NativeSharpZlib\NativeSharpZlib.csproj", "{4AC0125D-225D-4A90-A926-39D48BCC9AC6}"
EndProject
Project("{FAE04EC0-301F-11D3-BF4B-00C04F79EFBC}") = "NativeSharpZlib.Tests", "NativeSharpZlib.Tests\NativeSharpZlib.Tests.csproj", "{07A966FA-6474-4C95-8098-536FFB55A8A0}"
EndProject
Project("{FAE04EC0-301F-11D3-BF4B-00C04F79EFBC}") = "NativeSharpZlib.Generators", "NativeSharpZlib.Generators\NativeSharpZlib.Generators.csproj", "{C8D3443F-7B39-484F-B582-41E549580365}"
EndProject
Project("{2150E333-8FDC-42A3-9474-1A3956D46DE8}") = ".github", ".github", "{1E8664BA-4148-4037-B00D-196A59AE12EF}"
EndProject
Project("{2150E333-8FDC-42A3-9474-1A3956D46DE8}") = "workflows", "workflows", "{8CFA8CCC-6671-4F75-949F-E94725F96A96}"
	ProjectSection(SolutionItems) = preProject
		.github\workflows\build-zlib-ng.yml = .github\workflows\build-zlib-ng.yml
		.github\workflows\build-zlib-package.yml = .github\workflows\build-zlib-package.yml
		.github\workflows\build-zlib.yml = .github\workflows\build-zlib.yml
		.github\workflows\ci.yml = .github\workflows\ci.yml
		.github\workflows\publish.yml = .github\workflows\publish.yml
	EndProjectSection
EndProject
Project("{2150E333-8FDC-42A3-9474-1A3956D46DE8}") = "Položky řešení", "Položky řešení", "{73CD8823-AD63-407B-83D8-CBB2489B3B50}"
	ProjectSection(SolutionItems) = preProject
		LICENSE = LICENSE
		README.md = README.md
	EndProjectSection
EndProject
Global
	GlobalSection(SolutionConfigurationPlatforms) = preSolution
		Debug|Any CPU = Debug|Any CPU
		Release|Any CPU = Release|Any CPU
	EndGlobalSection
	GlobalSection(ProjectConfigurationPlatforms) = postSolution
		{4AC0125D-225D-4A90-A926-39D48BCC9AC6}.Debug|Any CPU.ActiveCfg = Debug|Any CPU
		{4AC0125D-225D-4A90-A926-39D48BCC9AC6}.Debug|Any CPU.Build.0 = Debug|Any CPU
		{4AC0125D-225D-4A90-A926-39D48BCC9AC6}.Release|Any CPU.ActiveCfg = Release|Any CPU
		{4AC0125D-225D-4A90-A926-39D48BCC9AC6}.Release|Any CPU.Build.0 = Release|Any CPU
		{07A966FA-6474-4C95-8098-536FFB55A8A0}.Debug|Any CPU.ActiveCfg = Debug|Any CPU
		{07A966FA-6474-4C95-8098-536FFB55A8A0}.Debug|Any CPU.Build.0 = Debug|Any CPU
		{07A966FA-6474-4C95-8098-536FFB55A8A0}.Release|Any CPU.ActiveCfg = Release|Any CPU
		{07A966FA-6474-4C95-8098-536FFB55A8A0}.Release|Any CPU.Build.0 = Release|Any CPU
		{C8D3443F-7B39-484F-B582-41E549580365}.Debug|Any CPU.ActiveCfg = Debug|Any CPU
		{C8D3443F-7B39-484F-B582-41E549580365}.Debug|Any CPU.Build.0 = Debug|Any CPU
		{C8D3443F-7B39-484F-B582-41E549580365}.Release|Any CPU.ActiveCfg = Release|Any CPU
		{C8D3443F-7B39-484F-B582-41E549580365}.Release|Any CPU.Build.0 = Release|Any CPU
	EndGlobalSection
	GlobalSection(SolutionProperties) = preSolution
		HideSolutionNode = FALSE
	EndGlobalSection
	GlobalSection(NestedProjects) = preSolution
		{8CFA8CCC-6671-4F75-949F-E94725F96A96} = {1E8664BA-4148-4037-B00D-196A59AE12EF}
	EndGlobalSection
EndGlobal
